# This file is automatically @generated by Cargo.
# It is not intended for manual editing.
version = 4

[[package]]
name = "bytes"
version = "1.12.1"
source = "registry+https://github.com/rust-lang/crates.io-index"
checksum = "fc652a48c352aef3ea3aed32080501cf3ef6ed5da78602a020c991775b0aff04"

[[package]]
name = "ras-audit"
version = "0.0.0"

[[package]]
name = "ras-control"
version = "0.0.0"

[[package]]
name = "ras-core"
version = "0.0.0"
dependencies = [
 "bytes",
 "ras-audit",
 "ras-control",
 "ras-grant",
 "ras-identity",
 "ras-media",
 "ras-policy",
 "ras-protocol",
 "ras-transport-iroh",
]

[[package]]
name = "ras-grant"
version = "0.0.0"

[[package]]
name = "ras-identity"
version = "0.0.0"

[[package]]
name = "ras-media"
version = "0.0.0"
dependencies = [
 "bytes",
 "ras-protocol",
]

[[package]]
name = "ras-policy"
version = "0.0.0"

[[package]]
name = "ras-protocol"
version = "0.0.0"
dependencies = [
 "bytes",
]

[[package]]
name = "ras-transport-iroh"
version = "0.0.0"
dependencies = [
 "ras-media",
 "ras-protocol",
]
